
Microsoft Visual Studio Solution File, Format Version 12.00
# Visual Studio 14
VisualStudioVersion = 14.0.25420.1
MinimumVisualStudioVersion = 10.0.40219.1
Project("{FAE04EC0-301F-11D3-BF4B-00C04F79EFBC}") = "SMARTchatWEB", "SMARTchatWEB\SMARTchatWEB.csproj", "{6D0B9C77-3ABC-450F-B80B-9F9B5E4720F8}"
EndProject
Project("{FAE04EC0-301F-11D3-BF4B-00C04F79EFBC}") = "SMARTchat.DAL", "SMARTchat.DAL\SMARTchat.DAL.csproj", "{DF64D0E2-6A0F-4824-8931-3139D24A6738}"
EndProject
Project("{FAE04EC0-301F-11D3-BF4B-00C04F79EFBC}") = "SMARTchat.BLL", "SMARTchat.BLL\SMARTchat.BLL.csproj", "{48A0DA40-0BE5-4E4F-8E69-BE1953F6EA47}"
EndProject
Project("{FAE04EC0-301F-11D3-BF4B-00C04F79EFBC}") = "SMARTchat.Tests", "SMARTchat.Tests\SMARTchat.Tests.csproj", "{32E6AAC5-4101-4AEE-8C7B-1995A68BDAD0}"
EndProject
Global
	GlobalSection(SolutionConfigurationPlatforms) = preSolution
		Debug|Any CPU = Debug|Any CPU
		Release|Any CPU = Release|Any CPU
	EndGlobalSection
	GlobalSection(ProjectConfigurationPlatforms) = postSolution
		{6D0B9C77-3ABC-450F-B80B-9F9B5E4720F8}.Debug|Any CPU.ActiveCfg = Debug|Any CPU
		{6D0B9C77-3ABC-450F-B80B-9F9B5E4720F8}.Debug|Any CPU.Build.0 = Debug|Any CPU
		{6D0B9C77-3ABC-450F-B80B-9F9B5E4720F8}.Release|Any CPU.ActiveCfg = Release|Any CPU
		{6D0B9C77-3ABC-450F-B80B-9F9B5E4720F8}.Release|Any CPU.Build.0 = Release|Any CPU
		{DF64D0E2-6A0F-4824-8931-3139D24A6738}.Debug|Any CPU.ActiveCfg = Debug|Any CPU
		{DF64D0E2-6A0F-4824-8931-3139D24A6738}.Debug|Any CPU.Build.0 = Debug|Any CPU
		{DF64D0E2-6A0F-4824-8931-3139D24A6738}.Release|Any CPU.ActiveCfg = Release|Any CPU
		{DF64D0E2-6A0F-4824-8931-3139D24A6738}.Release|Any CPU.Build.0 = Release|Any CPU
		{48A0DA40-0BE5-4E4F-8E69-BE1953F6EA47}.Debug|Any CPU.ActiveCfg = Debug|Any CPU
		{48A0DA40-0BE5-4E4F-8E69-BE1953F6EA47}.Debug|Any CPU.Build.0 = Debug|Any CPU
		{48A0DA40-0BE5-4E4F-8E69-BE1953F6EA47}.Release|Any CPU.ActiveCfg = Release|Any CPU
		{48A0DA40-0BE5-4E4F-8E69-BE1953F6EA47}.Release|Any CPU.Build.0 = Release|Any CPU
		{32E6AAC5-4101-4AEE-8C7B-1995A68BDAD0}.Debug|Any CPU.ActiveCfg = Debug|Any CPU
		{32E6AAC5-4101-4AEE-8C7B-1995A68BDAD0}.Debug|Any CPU.Build.0 = Debug|Any CPU
		{32E6AAC5-4101-4AEE-8C7B-1995A68BDAD0}.Release|Any CPU.ActiveCfg = Release|Any CPU
		{32E6AAC5-4101-4AEE-8C7B-1995A68BDAD0}.Release|Any CPU.Build.0 = Release|Any CPU
	EndGlobalSection
	GlobalSection(SolutionProperties) = preSolution
		HideSolutionNode = FALSE
	EndGlobalSection
	GlobalSection(TeamFoundationVersionControl) = preSolution
		SccNumberOfProjects = 5
		SccEnterpriseProvider = {4CA58AB2-18FA-4F8D-95D4-32DDF27D184C}
		SccTeamFoundationServer = https://andriienko.visualstudio.com/
		SccLocalPath0 = .
		SccProjectUniqueName1 = SMARTchat.BLL\\SMARTchat.BLL.csproj
		SccProjectName1 = SMARTchat.BLL
		SccLocalPath1 = SMARTchat.BLL
		SccProjectUniqueName2 = SMARTchat.DAL\\SMARTchat.DAL.csproj
		SccProjectName2 = SMARTchat.DAL
		SccLocalPath2 = SMARTchat.DAL
		SccProjectUniqueName3 = SMARTchatWEB\\SMARTchatWEB.csproj
		SccProjectName3 = SMARTchatWEB
		SccLocalPath3 = SMARTchatWEB
		SccProjectUniqueName4 = SMARTchat.Tests\\SMARTchat.Tests.csproj
		SccProjectName4 = SMARTchat.Tests
		SccLocalPath4 = SMARTchat.Tests
	EndGlobalSection
EndGlobal
